
Microsoft Visual Studio Solution File, Format Version 12.00
# Visual Studio Version 17
VisualStudioVersion = 17.14.36408.4 d17.14
MinimumVisualStudioVersion = 10.0.40219.1
Project("{FAE04EC0-301F-11D3-BF4B-00C04F79EFBC}") = "Server", "Server\Server.csproj", "{A15EE54B-12BF-474B-B738-84DE62276F9A}"
EndProject
Global
	GlobalSection(SolutionConfigurationPlatforms) = preSolution
		Debug|Any CPU = Debug|Any CPU
		Release|Any CPU = Release|Any CPU
	EndGlobalSection
	GlobalSection(ProjectConfigurationPlatforms) = postSolution
		{A15EE54B-12BF-474B-B738-84DE62276F9A}.Debug|Any CPU.ActiveCfg = Debug|Any CPU
		{A15EE54B-12BF-474B-B738-84DE62276F9A}.Debug|Any CPU.Build.0 = Debug|Any CPU
		{A15EE54B-12BF-474B-B738-84DE62276F9A}.Release|Any CPU.ActiveCfg = Release|Any CPU
		{A15EE54B-12BF-474B-B738-84DE62276F9A}.Release|Any CPU.Build.0 = Release|Any CPU
	EndGlobalSection
	GlobalSection(SolutionProperties) = preSolution
		HideSolutionNode = FALSE
	EndGlobalSection
	GlobalSection(ExtensibilityGlobals) = postSolution
		SolutionGuid = {73662BA2-32AF-481D-A13E-C3780B044160}
	EndGlobalSection
EndGlobal
